lockfileVersion: 5.4

specifiers:
  dotenv: ^16.0.3
  easydisbot.js: ^0.0.4
  ws: ^8.12.1

dependencies:
  easydisbot.js: 0.0.4
  ws: 8.12.1

devDependencies:
  dotenv: 16.0.3

packages:

  /dotenv/16.0.3:
    resolution: {integrity: sha512-7GO6HghkA5fYG9TYnNxi14/7K9f5occMlp3zXAuSxn7CKCxt9xbNWG7yF8hTCSUchlfWSe3uLmlPfigevRItzQ==}
    engines: {node: '>=12'}
    dev: true

  /easydisbot.js/0.0.1:
    resolution: {integrity: sha512-I7xQZ7DOQjP/73o0Vkm2kVcwfNoork6JUMIMg9/pZetEJQvimQnUJKQcyJIgENa8WFckcDhf0JmDopPeuwaYBg==}
    dependencies:
      ws: 8.12.1
    transitivePeerDependencies:
      - bufferutil
      - utf-8-validate
    dev: false

  /easydisbot.js/0.0.4:
    resolution: {integrity: sha512-O/PH/cAO5kE6HmD8TT18hosbEr+J6UCANt8u4n/SuwjFuGMFf867SbT58l6LwVQcm2cnTXMn2KutuDOdXh4Qaw==}
    dependencies:
      easydisbot.js: 0.0.1
      ws: 8.12.1
    transitivePeerDependencies:
      - bufferutil
      - utf-8-validate
    dev: false

  /ws/8.12.1:
    resolution: {integrity: sha512-1qo+M9Ba+xNhPB+YTWUlK6M17brTut5EXbcBaMRN5pH5dFrXz7lzz1ChFSUq3bOUl8yEvSenhHmYUNJxFzdJew==}
    engines: {node: '>=10.0.0'}
    peerDependencies:
      bufferutil: ^4.0.1
      utf-8-validate: '>=5.0.2'
    peerDependenciesMeta:
      bufferutil:
        optional: true
      utf-8-validate:
        optional: true
    dev: false
